
Microsoft Visual Studio Solution File, Format Version 12.00
# Visual Studio Version 17
VisualStudioVersion = 17.4.33110.190
MinimumVisualStudioVersion = 10.0.40219.1
Project("{FAE04EC0-301F-11D3-BF4B-00C04F79EFBC}") = "E-commerce", "E-commerce.csproj", "{533C4A91-A5F5-4D9B-AF3C-E5BE1D74F590}"
EndProject
Global
	GlobalSection(SolutionConfigurationPlatforms) = preSolution
		Debug|Any CPU = Debug|Any CPU
		Release|Any CPU = Release|Any CPU
	EndGlobalSection
	GlobalSection(ProjectConfigurationPlatforms) = postSolution
		{533C4A91-A5F5-4D9B-AF3C-E5BE1D74F590}.Debug|Any CPU.ActiveCfg = Debug|Any CPU
		{533C4A91-A5F5-4D9B-AF3C-E5BE1D74F590}.Debug|Any CPU.Build.0 = Debug|Any CPU
		{533C4A91-A5F5-4D9B-AF3C-E5BE1D74F590}.Release|Any CPU.ActiveCfg = Release|Any CPU
		{533C4A91-A5F5-4D9B-AF3C-E5BE1D74F590}.Release|Any CPU.Build.0 = Release|Any CPU
	EndGlobalSection
	GlobalSection(SolutionProperties) = preSolution
		HideSolutionNode = FALSE
	EndGlobalSection
	GlobalSection(ExtensibilityGlobals) = postSolution
		SolutionGuid = {0616A4F9-7C0C-4058-8E0D-761E41AB788F}
	EndGlobalSection
EndGlobal
