
Microsoft Visual Studio Solution File, Format Version 12.00
# Visual Studio Version 17
VisualStudioVersion = 17.4.33110.190
MinimumVisualStudioVersion = 10.0.40219.1
Project("{FAE04EC0-301F-11D3-BF4B-00C04F79EFBC}") = "ASP.NET_HomeWork_3", "ASP.NET_HomeWork_3.csproj", "{BF9B77BD-5643-4DEC-A501-0B4398D86F72}"
EndProject
Global
	GlobalSection(SolutionConfigurationPlatforms) = preSolution
		Debug|Any CPU = Debug|Any CPU
		Release|Any CPU = Release|Any CPU
	EndGlobalSection
	GlobalSection(ProjectConfigurationPlatforms) = postSolution
		{BF9B77BD-5643-4DEC-A501-0B4398D86F72}.Debug|Any CPU.ActiveCfg = Debug|Any CPU
		{BF9B77BD-5643-4DEC-A501-0B4398D86F72}.Debug|Any CPU.Build.0 = Debug|Any CPU
		{BF9B77BD-5643-4DEC-A501-0B4398D86F72}.Release|Any CPU.ActiveCfg = Release|Any CPU
		{BF9B77BD-5643-4DEC-A501-0B4398D86F72}.Release|Any CPU.Build.0 = Release|Any CPU
	EndGlobalSection
	GlobalSection(SolutionProperties) = preSolution
		HideSolutionNode = FALSE
	EndGlobalSection
	GlobalSection(ExtensibilityGlobals) = postSolution
		SolutionGuid = {F08A220B-1E2D-4083-89C0-0F791CA065F1}
	EndGlobalSection
EndGlobal
